<?xml version="1.0" encoding="utf-8"?>
<Project ToolsVersion="4.0" xmlns="http://schemas.microsoft.com/developer/msbuild/2003">
  <ItemGroup>
    <Filter Include="Modules">
      <UniqueIdentifier>{f1067323-e3ef-416f-88fc-00bf14069ec5}</UniqueIdentifier>
    </Filter>
    <Filter Include="Source Files">
      <UniqueIdentifier>{22c43e6b-ca38-4085-b425-f1e64fc892b9}</UniqueIdentifier>
    </Filter>
  </ItemGroup>
  <ItemGroup>
    <ClCompile Include="modules\RendererD3D12.ixx">
      <Filter>Modules</Filter>
    </ClCompile>
    <ClCompile Include="modules\D3DHelpers.ixx">
      <Filter>Modules</Filter>
    </ClCompile>
    <ClCompile Include="modules\PipelineStateStream.ixx">
      <Filter>Modules</Filter>
    </ClCompile>
    <ClCompile Include="modules\ShaderProgramD3D12.ixx">
      <Filter>Modules</Filter>
    </ClCompile>
    <ClCompile Include="src\RendererD3D12.cpp">
      <Filter>Source Files</Filter>
    </ClCompile>
    <ClCompile Include="src\D3DHelpers.cpp">
      <Filter>Source Files</Filter>
    </ClCompile>
    <ClCompile Include="src\ShaderProgramD3D12.cpp">
      <Filter>Source Files</Filter>
    </ClCompile>
    <ClCompile Include="modules\ModelD3D12.ixx">
      <Filter>Modules</Filter>
    </ClCompile>
    <ClCompile Include="src\ModelD3D12.cpp">
      <Filter>Source Files</Filter>
    </ClCompile>
    <ClCompile Include="modules\TextureD3D12.ixx">
      <Filter>Modules</Filter>
    </ClCompile>
    <ClCompile Include="src\TextureD3D12.cpp">
      <Filter>Source Files</Filter>
    </ClCompile>
  </ItemGroup>
</Project>