<?xml version="1.0" encoding="utf-8"?>
<Project ToolsVersion="4.0" xmlns="http://schemas.microsoft.com/developer/msbuild/2003">
  <ItemGroup>
    <Filter Include="Resource Files">
      <UniqueIdentifier>{67DA6AB6-F800-4c08-8B7A-83BB121AAD01}</UniqueIdentifier>
      <Extensions>rc;ico;cur;bmp;dlg;rc2;rct;bin;rgs;gif;jpg;jpeg;jpe;resx;tiff;tif;png;wav;mfcribbon-ms</Extensions>
    </Filter>
    <Filter Include="Modules">
      <UniqueIdentifier>{f1067323-e3ef-416f-88fc-00bf14069ec5}</UniqueIdentifier>
    </Filter>
  </ItemGroup>
  <ItemGroup>
    <ClCompile Include="modules\RendererD3D12.ixx">
      <Filter>Modules</Filter>
    </ClCompile>
    <ClCompile Include="modules\D3DHelpers.ixx">
      <Filter>Modules</Filter>
    </ClCompile>
    <ClCompile Include="modules\PipelineStateStream.ixx">
      <Filter>Modules</Filter>
    </ClCompile>
    <ClCompile Include="src\RendererD3D12.cpp">
      <Filter>Resource Files</Filter>
    </ClCompile>
    <ClCompile Include="src\D3DHelpers.cpp">
      <Filter>Resource Files</Filter>
    </ClCompile>
  </ItemGroup>
</Project>