<?xml version="1.0" encoding="utf-8"?>
<Project ToolsVersion="4.0" xmlns="http://schemas.microsoft.com/developer/msbuild/2003">
  <ItemGroup>
    <Filter Include="Source Files">
      <UniqueIdentifier>{4FC737F1-C7A5-4376-A066-2A32D752A2FF}</UniqueIdentifier>
      <Extensions>cpp;c;cc;cxx;c++;cppm;ixx;def;odl;idl;hpj;bat;asm;asmx</Extensions>
    </Filter>
    <Filter Include="Modules">
      <UniqueIdentifier>{082936c7-672a-4a93-af2d-285b1a397aad}</UniqueIdentifier>
    </Filter>
    <Filter Include="Shaders">
      <UniqueIdentifier>{9a2eaf63-85e6-4133-a4ea-5d3e7500ff02}</UniqueIdentifier>
    </Filter>
  </ItemGroup>
  <ItemGroup>
    <FxCompile Include="$(SolutionDir)shaders\textured_surface.hlsl">
      <Filter>Shaders</Filter>
    </FxCompile>
    <FxCompile Include="$(SolutionDir)shaders\common.hlsli">
      <Filter>Shaders</Filter>
    </FxCompile>
    <FxCompile Include="$(SolutionDir)shaders\lighting.hlsli">
      <Filter>Shaders</Filter>
    </FxCompile>
  </ItemGroup>
  <ItemGroup>
    <None Include="$(SolutionDir)shaders\compile_shaders.ps1">
      <Filter>Shaders</Filter>
    </None>
    <None Include="packages.config" />
  </ItemGroup>
  <ItemGroup>
    <ClCompile Include="src\Main.cpp">
      <Filter>Source Files</Filter>
    </ClCompile>
    <ClCompile Include="modules\ApplicationSettings.ixx">
      <Filter>Modules</Filter>
    </ClCompile>
    <ClCompile Include="src\ApplicationSettings.cpp">
      <Filter>Source Files</Filter>
    </ClCompile>
  </ItemGroup>
</Project>